hash: 4386a09165b9e794cc8c1913d4fdb7915fb0c60c32dea0e09d2e0b59eb210570
updated: 2017-10-28T12:50:23.828119616-05:00
imports:
- name: github.com/gophercloud/gophercloud
  version: 32005faf458e58c2420f32e38a99399ae9ab55f2
  subpackages:
  - openstack
  - openstack/blockstorage/noauth
  - openstack/blockstorage/v2/volumes
  - pagination
testImports: []
